// !$*UTF8*$!
{
	archiveVersion = 1;
	classes = {
	};
	objectVersion = 46;
	objects = {

/* Begin PBXBuildFile section */
		A7CA684B1A643DD7008E65D7 /* AppDelegate.swift in Sources */ = {isa = PBXBuildFile; fileRef = A7CA684A1A643DD7008E65D7 /* AppDelegate.swift */; };
		A7CA684D1A643DD7008E65D7 /* ViewController.swift in Sources */ = {isa = PBXBuildFile; fileRef = A7CA684C1A643DD7008E65D7 /* ViewController.swift */; };
		A7CA68501A643DD7008E65D7 /* Main.storyboard in Resources */ = {isa = PBXBuildFile; fileRef = A7CA684E1A643DD7008E65D7 /* Main.storyboard */; };
		A7CA68521A643DD7008E65D7 /* Images.xcassets in Resources */ = {isa = PBXBuildFile; fileRef = A7CA68511A643DD7008E65D7 /* Images.xcassets */; };
		A7CA68551A643DD7008E65D7 /* LaunchScreen.xib in Resources */ = {isa = PBXBuildFile; fileRef = A7CA68531A643DD7008E65D7 /* LaunchScreen.xib */; };
		A7CA68611A643DD7008E65D7 /* PostCardTwoTests.swift in Sources */ = {isa = PBXBuildFile; fileRef = A7CA68601A643DD7008E65D7 /* PostCardTwoTests.swift */; };
/* End PBXBuildFile section */

/* Begin PBXContainerItemProxy section */
		A7CA685B1A643DD7008E65D7 /* PBXContainerItemProxy */ = {
			isa = PBXContainerItemProxy;
			containerPortal = A7CA683D1A643DD7008E65D7 /* Project object */;
			proxyType = 1;
			remoteGlobalIDString = A7CA68441A643DD7008E65D7;
			remoteInfo = PostCardTwo;
		};
/* End PBXContainerItemProxy section */

/* Begin PBXFileReference section */
		A7CA68451A643DD7008E65D7 /* PostCardTwo.app */ = {isa = PBXFileReference; explicitFileType = wrapper.application; includeInIndex = 0; path = PostCardTwo.app; sourceTree = BUILT_PRODUCTS_DIR; };
		A7CA68491A643DD7008E65D7 /* Info.plist */ = {isa = PBXFileReference; lastKnownFileType = text.plist.xml; path = Info.plist; sourceTree = "<group>"; };
		A7CA684A1A643DD7008E65D7 /* AppDelegate.swift */ = {isa = PBXFileReference; lastKnownFileType = sourcecode.swift; path = AppDelegate.swift; sourceTree = "<group>"; };
		A7CA684C1A643DD7008E65D7 /* ViewController.swift */ = {isa = PBXFileReference; lastKnownFileType = sourcecode.swift; path = ViewController.swift; sourceTree = "<group>"; };
		A7CA684F1A643DD7008E65D7 /* Base */ = {isa = PBXFileReference; lastKnownFileType = file.storyboard; name = Base; path = Base.lproj/Main.storyboard; sourceTree = "<group>"; };
		A7CA68511A643DD7008E65D7 /* Images.xcassets */ = {isa = PBXFileReference; lastKnownFileType = folder.assetcatalog; path = Images.xcassets; sourceTree = "<group>"; };
		A7CA68541A643DD7008E65D7 /* Base */ = {isa = PBXFileReference; lastKnownFileType = file.xib; name = Base; path = Base.lproj/LaunchScreen.xib; sourceTree = "<group>"; };
		A7CA685A1A643DD7008E65D7 /* PostCardTwoTests.xctest */ = {isa = PBXFileReference; explicitFileType = wrapper.cfbundle; includeInIndex = 0; path = PostCardTwoTests.xctest; sourceTree = BUILT_PRODUCTS_DIR; };
		A7CA685F1A643DD7008E65D7 /* Info.plist */ = {isa = PBXFileReference; lastKnownFileType = text.plist.xml; path = Info.plist; sourceTree = "<group>"; };
		A7CA68601A643DD7008E65D7 /* PostCardTwoTests.swift */ = {isa = PBXFileReference; lastKnownFileType = sourcecode.swift; path = PostCardTwoTests.swift; sourceTree = "<group>"; };
/* End PBXFileReference section */

/* Begin PBXFrameworksBuildPhase section */
		A7CA68421A643DD7008E65D7 /* Frameworks */ = {
			isa = PBXFrameworksBuildPhase;
			buildActionMask = 2147483647;
			files = (
			);
			runOnlyForDeploymentPostprocessing = 0;
		};
		A7CA68571A643DD7008E65D7 /* Frameworks */ = {
			isa = PBXFrameworksBuildPhase;
			buildActionMask = 2147483647;
			files = (
			);
			runOnlyForDeploymentPostprocessing = 0;
		};
/* End PBXFrameworksBuildPhase section */

/* Begin PBXGroup section */
		A7CA683C1A643DD7008E65D7 = {
			isa = PBXGroup;
			children = (
				A7CA68471A643DD7008E65D7 /* PostCardTwo */,
				A7CA685D1A643DD7008E65D7 /* PostCardTwoTests */,
				A7CA68461A643DD7008E65D7 /* Products */,
			);
			sourceTree = "<group>";
		};
		A7CA68461A643DD7008E65D7 /* Products */ = {
			isa = PBXGroup;
			children = (
				A7CA68451A643DD7008E65D7 /* PostCardTwo.app */,
				A7CA685A1A643DD7008E65D7 /* PostCardTwoTests.xctest */,
			);
			name = Products;
			sourceTree = "<group>";
		};
		A7CA68471A643DD7008E65D7 /* PostCardTwo */ = {
			isa = PBXGroup;
			children = (
				A7CA684A1A643DD7008E65D7 /* AppDelegate.swift */,
				A7CA684C1A643DD7008E65D7 /* ViewController.swift */,
				A7CA684E1A643DD7008E65D7 /* Main.storyboard */,
				A7CA68511A643DD7008E65D7 /* Images.xcassets */,
				A7CA68531A643DD7008E65D7 /* LaunchScreen.xib */,
				A7CA68481A643DD7008E65D7 /* Supporting Files */,
			);
			path = PostCardTwo;
			sourceTree = "<group>";
		};
		A7CA68481A643DD7008E65D7 /* Supporting Files */ = {
			isa = PBXGroup;
			children = (
				A7CA68491A643DD7008E65D7 /* Info.plist */,
			);
			name = "Supporting Files";
			sourceTree = "<group>";
		};
		A7CA685D1A643DD7008E65D7 /* PostCardTwoTests */ = {
			isa = PBXGroup;
			children = (
				A7CA68601A643DD7008E65D7 /* PostCardTwoTests.swift */,
				A7CA685E1A643DD7008E65D7 /* Supporting Files */,
			);
			path = PostCardTwoTests;
			sourceTree = "<group>";
		};
		A7CA685E1A643DD7008E65D7 /* Supporting Files */ = {
			isa = PBXGroup;
			children = (
				A7CA685F1A643DD7008E65D7 /* Info.plist */,
			);
			name = "Supporting Files";
			sourceTree = "<group>";
		};
/* End PBXGroup section */

/* Begin PBXNativeTarget section */
		A7CA68441A643DD7008E65D7 /* PostCardTwo */ = {
			isa = PBXNativeTarget;
			buildConfigurationList = A7CA68641A643DD7008E65D7 /* Build configuration list for PBXNativeTarget "PostCardTwo" */;
			buildPhases = (
				A7CA68411A643DD7008E65D7 /* Sources */,
				A7CA68421A643DD7008E65D7 /* Frameworks */,
				A7CA68431A643DD7008E65D7 /* Resources */,
			);
			buildRules = (
			);
			dependencies = (
			);
			name = PostCardTwo;
			productName = PostCardTwo;
			productReference = A7CA68451A643DD7008E65D7 /* PostCardTwo.app */;
			productType = "com.apple.product-type.application";
		};
		A7CA68591A643DD7008E65D7 /* PostCardTwoTests */ = {
			isa = PBXNativeTarget;
			buildConfigurationList = A7CA68671A643DD7008E65D7 /* Build configuration list for PBXNativeTarget "PostCardTwoTests" */;
			buildPhases = (
				A7CA68561A643DD7008E65D7 /* Sources */,
				A7CA68571A643DD7008E65D7 /* Frameworks */,
				A7CA68581A643DD7008E65D7 /* Resources */,
			);
			buildRules = (
			);
			dependencies = (
				A7CA685C1A643DD7008E65D7 /* PBXTargetDependency */,
			);
			name = PostCardTwoTests;
			productName = PostCardTwoTests;
			productReference = A7CA685A1A643DD7008E65D7 /* PostCardTwoTests.xctest */;
			productType = "com.apple.product-type.bundle.unit-test";
		};
/* End PBXNativeTarget section */

/* Begin PBXProject section */
		A7CA683D1A643DD7008E65D7 /* Project object */ = {
			isa = PBXProject;
			attributes = {
				LastUpgradeCheck = 0610;
				ORGANIZATIONNAME = "Marcus Dunlap";
				TargetAttributes = {
					A7CA68441A643DD7008E65D7 = {
						CreatedOnToolsVersion = 6.1.1;
					};
					A7CA68591A643DD7008E65D7 = {
						CreatedOnToolsVersion = 6.1.1;
						TestTargetID = A7CA68441A643DD7008E65D7;
					};
				};
			};
			buildConfigurationList = A7CA68401A643DD7008E65D7 /* Build configuration list for PBXProject "PostCardTwo" */;
			compatibilityVersion = "Xcode 3.2";
			developmentRegion = English;
			hasScannedForEncodings = 0;
			knownRegions = (
				en,
				Base,
			);
			mainGroup = A7CA683C1A643DD7008E65D7;
			productRefGroup = A7CA68461A643DD7008E65D7 /* Products */;
			projectDirPath = "";
			projectRoot = "";
			targets = (
				A7CA68441A643DD7008E65D7 /* PostCardTwo */,
				A7CA68591A643DD7008E65D7 /* PostCardTwoTests */,
			);
		};
/* End PBXProject section */

/* Begin PBXResourcesBuildPhase section */
		A7CA68431A643DD7008E65D7 /* Resources */ = {
			isa = PBXResourcesBuildPhase;
			buildActionMask = 2147483647;
			files = (
				A7CA68501A643DD7008E65D7 /* Main.storyboard in Resources */,
				A7CA68551A643DD7008E65D7 /* LaunchScreen.xib in Resources */,
				A7CA68521A643DD7008E65D7 /* Images.xcassets in Resources */,
			);
			runOnlyForDeploymentPostprocessing = 0;
		};
		A7CA68581A643DD7008E65D7 /* Resources */ = {
			isa = PBXResourcesBuildPhase;
			buildActionMask = 2147483647;
			files = (
			);
			runOnlyForDeploymentPostprocessing = 0;
		};
/* End PBXResourcesBuildPhase section */

/* Begin PBXSourcesBuildPhase section */
		A7CA68411A643DD7008E65D7 /* Sources */ = {
			isa = PBXSourcesBuildPhase;
			buildActionMask = 2147483647;
			files = (
				A7CA684D1A643DD7008E65D7 /* ViewController.swift in Sources */,
				A7CA684B1A643DD7008E65D7 /* AppDelegate.swift in Sources */,
			);
			runOnlyForDeploymentPostprocessing = 0;
		};
		A7CA68561A643DD7008E65D7 /* Sources */ = {
			isa = PBXSourcesBuildPhase;
			buildActionMask = 2147483647;
			files = (
				A7CA68611A643DD7008E65D7 /* PostCardTwoTests.swift in Sources */,
			);
			runOnlyForDeploymentPostprocessing = 0;
		};
/* End PBXSourcesBuildPhase section */

/* Begin PBXTargetDependency section */
		A7CA685C1A643DD7008E65D7 /* PBXTargetDependency */ = {
			isa = PBXTargetDependency;
			target = A7CA68441A643DD7008E65D7 /* PostCardTwo */;
			targetProxy = A7CA685B1A643DD7008E65D7 /* PBXContainerItemProxy */;
		};
/* End PBXTargetDependency section */

/* Begin PBXVariantGroup section */
		A7CA684E1A643DD7008E65D7 /* Main.storyboard */ = {
			isa = PBXVariantGroup;
			children = (
				A7CA684F1A643DD7008E65D7 /* Base */,
			);
			name = Main.storyboard;
			sourceTree = "<group>";
		};
		A7CA68531A643DD7008E65D7 /* LaunchScreen.xib */ = {
			isa = PBXVariantGroup;
			children = (
				A7CA68541A643DD7008E65D7 /* Base */,
			);
			name = LaunchScreen.xib;
			sourceTree = "<group>";
		};
/* End PBXVariantGroup section */

/* Begin XCBuildConfiguration section */
		A7CA68621A643DD7008E65D7 /* Debug */ = {
			isa = XCBuildConfiguration;
			buildSettings = {
				ALWAYS_SEARCH_USER_PATHS = NO;
				CLANG_CXX_LANGUAGE_STANDARD = "gnu++0x";
				CLANG_CXX_LIBRARY = "libc++";
				CLANG_ENABLE_MODULES = YES;
				CLANG_ENABLE_OBJC_ARC = YES;
				CLANG_WARN_BOOL_CONVERSION = YES;
				CLANG_WARN_CONSTANT_CONVERSION = YES;
				CLANG_WARN_DIRECT_OBJC_ISA_USAGE = YES_ERROR;
				CLANG_WARN_EMPTY_BODY = YES;
				CLANG_WARN_ENUM_CONVERSION = YES;
				CLANG_WARN_INT_CONVERSION = YES;
				CLANG_WARN_OBJC_ROOT_CLASS = YES_ERROR;
				CLANG_WARN_UNREACHABLE_CODE = YES;
				CLANG_WARN__DUPLICATE_METHOD_MATCH = YES;
				"CODE_SIGN_IDENTITY[sdk=iphoneos*]" = "iPhone Developer";
				COPY_PHASE_STRIP = NO;
				ENABLE_STRICT_OBJC_MSGSEND = YES;
				GCC_C_LANGUAGE_STANDARD = gnu99;
				GCC_DYNAMIC_NO_PIC = NO;
				GCC_OPTIMIZATION_LEVEL = 0;
				GCC_PREPROCESSOR_DEFINITIONS = (
					"DEBUG=1",
					"$(inherited)",
				);
				GCC_SYMBOLS_PRIVATE_EXTERN = NO;
				GCC_WARN_64_TO_32_BIT_CONVERSION = YES;
				GCC_WARN_ABOUT_RETURN_TYPE = YES_ERROR;
				GCC_WARN_UNDECLARED_SELECTOR = YES;
				GCC_WARN_UNINITIALIZED_AUTOS = YES_AGGRESSIVE;
				GCC_WARN_UNUSED_FUNCTION = YES;
				GCC_WARN_UNUSED_VARIABLE = YES;
				IPHONEOS_DEPLOYMENT_TARGET = 8.1;
				MTL_ENABLE_DEBUG_INFO = YES;
				ONLY_ACTIVE_ARCH = YES;
				SDKROOT = iphoneos;
				SWIFT_OPTIMIZATION_LEVEL = "-Onone";
				TARGETED_DEVICE_FAMILY = "1,2";
			};
			name = Debug;
		};
		A7CA68631A643DD7008E65D7 /* Release */ = {
			isa = XCBuildConfiguration;
			buildSettings = {
				ALWAYS_SEARCH_USER_PATHS = NO;
				CLANG_CXX_LANGUAGE_STANDARD = "gnu++0x";
				CLANG_CXX_LIBRARY = "libc++";
				CLANG_ENABLE_MODULES = YES;
				CLANG_ENABLE_OBJC_ARC = YES;
				CLANG_WARN_BOOL_CONVERSION = YES;
				CLANG_WARN_CONSTANT_CONVERSION = YES;
				CLANG_WARN_DIRECT_OBJC_ISA_USAGE = YES_ERROR;
				CLANG_WARN_EMPTY_BODY = YES;
				CLANG_WARN_ENUM_CONVERSION = YES;
				CLANG_WARN_INT_CONVERSION = YES;
				CLANG_WARN_OBJC_ROOT_CLASS = YES_ERROR;
				CLANG_WARN_UNREACHABLE_CODE = YES;
				CLANG_WARN__DUPLICATE_METHOD_MATCH = YES;
				"CODE_SIGN_IDENTITY[sdk=iphoneos*]" = "iPhone Developer";
				COPY_PHASE_STRIP = YES;
				ENABLE_NS_ASSERTIONS = NO;
				ENABLE_STRICT_OBJC_MSGSEND = YES;
				GCC_C_LANGUAGE_STANDARD = gnu99;
				GCC_WARN_64_TO_32_BIT_CONVERSION = YES;
				GCC_WARN_ABOUT_RETURN_TYPE = YES_ERROR;
				GCC_WARN_UNDECLARED_SELECTOR = YES;
				GCC_WARN_UNINITIALIZED_AUTOS = YES_AGGRESSIVE;
				GCC_WARN_UNUSED_FUNCTION = YES;
				GCC_WARN_UNUSED_VARIABLE = YES;
				IPHONEOS_DEPLOYMENT_TARGET = 8.1;
				MTL_ENABLE_DEBUG_INFO = NO;
				SDKROOT = iphoneos;
				TARGETED_DEVICE_FAMILY = "1,2";
				VALIDATE_PRODUCT = YES;
			};
			name = Release;
		};
		A7CA68651A643DD7008E65D7 /* Debug */ = {
			isa = XCBuildConfiguration;
			buildSettings = {
				ASSETCATALOG_COMPILER_APPICON_NAME = AppIcon;
				INFOPLIST_FILE = PostCardTwo/Info.plist;
				LD_RUNPATH_SEARCH_PATHS = "$(inherited) @executable_path/Frameworks";
				PRODUCT_NAME = "$(TARGET_NAME)";
			};
			name = Debug;
		};
		A7CA68661A643DD7008E65D7 /* Release */ = {
			isa = XCBuildConfiguration;
			buildSettings = {
				ASSETCATALOG_COMPILER_APPICON_NAME = AppIcon;
				INFOPLIST_FILE = PostCardTwo/Info.plist;
				LD_RUNPATH_SEARCH_PATHS = "$(inherited) @executable_path/Frameworks";
				PRODUCT_NAME = "$(TARGET_NAME)";
			};
			name = Release;
		};
		A7CA68681A643DD7008E65D7 /* Debug */ = {
			isa = XCBuildConfiguration;
			buildSettings = {
				BUNDLE_LOADER = "$(TEST_HOST)";
				FRAMEWORK_SEARCH_PATHS = (
					"$(SDKROOT)/Developer/Library/Frameworks",
					"$(inherited)",
				);
				GCC_PREPROCESSOR_DEFINITIONS = (
					"DEBUG=1",
					"$(inherited)",
				);
				INFOPLIST_FILE = PostCardTwoTests/Info.plist;
				LD_RUNPATH_SEARCH_PATHS = "$(inherited) @executable_path/Frameworks @loader_path/Frameworks";
				PRODUCT_NAME = "$(TARGET_NAME)";
				TEST_HOST = "$(BUILT_PRODUCTS_DIR)/PostCardTwo.app/PostCardTwo";
			};
			name = Debug;
		};
		A7CA68691A643DD7008E65D7 /* Release */ = {
			isa = XCBuildConfiguration;
			buildSettings = {
				BUNDLE_LOADER = "$(TEST_HOST)";
				FRAMEWORK_SEARCH_PATHS = (
					"$(SDKROOT)/Developer/Library/Frameworks",
					"$(inherited)",
				);
				INFOPLIST_FILE = PostCardTwoTests/Info.plist;
				LD_RUNPATH_SEARCH_PATHS = "$(inherited) @executable_path/Frameworks @loader_path/Frameworks";
				PRODUCT_NAME = "$(TARGET_NAME)";
				TEST_HOST = "$(BUILT_PRODUCTS_DIR)/PostCardTwo.app/PostCardTwo";
			};
			name = Release;
		};
/* End XCBuildConfiguration section */

/* Begin XCConfigurationList section */
		A7CA68401A643DD7008E65D7 /* Build configuration list for PBXProject "PostCardTwo" */ = {
			isa = XCConfigurationList;
			buildConfigurations = (
				A7CA68621A643DD7008E65D7 /* Debug */,
				A7CA68631A643DD7008E65D7 /* Release */,
			);
			defaultConfigurationIsVisible = 0;
			defaultConfigurationName = Release;
		};
		A7CA68641A643DD7008E65D7 /* Build configuration list for PBXNativeTarget "PostCardTwo" */ = {
			isa = XCConfigurationList;
			buildConfigurations = (
				A7CA68651A643DD7008E65D7 /* Debug */,
				A7CA68661A643DD7008E65D7 /* Release */,
			);
			defaultConfigurationIsVisible = 0;
		};
		A7CA68671A643DD7008E65D7 /* Build configuration list for PBXNativeTarget "PostCardTwoTests" */ = {
			isa = XCConfigurationList;
			buildConfigurations = (
				A7CA68681A643DD7008E65D7 /* Debug */,
				A7CA68691A643DD7008E65D7 /* Release */,
			);
			defaultConfigurationIsVisible = 0;
		};
/* End XCConfigurationList section */
	};
	rootObject = A7CA683D1A643DD7008E65D7 /* Project object */;
}
